
Microsoft Visual Studio Solution File, Format Version 12.00
# Visual Studio Version 16
VisualStudioVersion = 16.0.29728.190
MinimumVisualStudioVersion = 10.0.40219.1
Project("{FAE04EC0-301F-11D3-BF4B-00C04F79EFBC}") = "MyShop.Core", "MyShop.Core\MyShop.Core.csproj", "{1AA01823-874F-48A4-8D36-CDC742EB0B57}"
EndProject
Project("{FAE04EC0-301F-11D3-BF4B-00C04F79EFBC}") = "MyShop.DataAcces", "MyShop.DataAcces\MyShop.DataAcces.csproj", "{7D417810-D11A-4F78-8274-A0E86DE8265B}"
EndProject
Project("{FAE04EC0-301F-11D3-BF4B-00C04F79EFBC}") = "MyShop.DataAccess.Memory", "MyShop.DataAccess.Memory\MyShop.DataAccess.Memory.csproj", "{F5355AA5-FE85-4A2E-BA3C-E3B8D7EDECB4}"
EndProject
Project("{FAE04EC0-301F-11D3-BF4B-00C04F79EFBC}") = "MyShop.Services", "MyShop.Services\MyShop.Services.csproj", "{9924D232-49C3-4F53-8195-251797093DE8}"
EndProject
Project("{FAE04EC0-301F-11D3-BF4B-00C04F79EFBC}") = "MyShop.WebUI", "MyShop.WebUI\MyShop.WebUI.csproj", "{34A0AF68-0B37-4793-840C-6AE1D2E29E65}"
EndProject
Project("{FAE04EC0-301F-11D3-BF4B-00C04F79EFBC}") = "MyShop.WebUI.Tests", "MyShop.WebUI.Tests\MyShop.WebUI.Tests.csproj", "{813D0712-11EA-4860-B6E3-B60D9FF51A98}"
EndProject
Global
	GlobalSection(SolutionConfigurationPlatforms) = preSolution
		Debug|Any CPU = Debug|Any CPU
		Release|Any CPU = Release|Any CPU
	EndGlobalSection
	GlobalSection(ProjectConfigurationPlatforms) = postSolution
		{1AA01823-874F-48A4-8D36-CDC742EB0B57}.Debug|Any CPU.ActiveCfg = Debug|Any CPU
		{1AA01823-874F-48A4-8D36-CDC742EB0B57}.Debug|Any CPU.Build.0 = Debug|Any CPU
		{1AA01823-874F-48A4-8D36-CDC742EB0B57}.Release|Any CPU.ActiveCfg = Release|Any CPU
		{1AA01823-874F-48A4-8D36-CDC742EB0B57}.Release|Any CPU.Build.0 = Release|Any CPU
		{7D417810-D11A-4F78-8274-A0E86DE8265B}.Debug|Any CPU.ActiveCfg = Debug|Any CPU
		{7D417810-D11A-4F78-8274-A0E86DE8265B}.Debug|Any CPU.Build.0 = Debug|Any CPU
		{7D417810-D11A-4F78-8274-A0E86DE8265B}.Release|Any CPU.ActiveCfg = Release|Any CPU
		{7D417810-D11A-4F78-8274-A0E86DE8265B}.Release|Any CPU.Build.0 = Release|Any CPU
		{F5355AA5-FE85-4A2E-BA3C-E3B8D7EDECB4}.Debug|Any CPU.ActiveCfg = Debug|Any CPU
		{F5355AA5-FE85-4A2E-BA3C-E3B8D7EDECB4}.Debug|Any CPU.Build.0 = Debug|Any CPU
		{F5355AA5-FE85-4A2E-BA3C-E3B8D7EDECB4}.Release|Any CPU.ActiveCfg = Release|Any CPU
		{F5355AA5-FE85-4A2E-BA3C-E3B8D7EDECB4}.Release|Any CPU.Build.0 = Release|Any CPU
		{9924D232-49C3-4F53-8195-251797093DE8}.Debug|Any CPU.ActiveCfg = Debug|Any CPU
		{9924D232-49C3-4F53-8195-251797093DE8}.Debug|Any CPU.Build.0 = Debug|Any CPU
		{9924D232-49C3-4F53-8195-251797093DE8}.Release|Any CPU.ActiveCfg = Release|Any CPU
		{9924D232-49C3-4F53-8195-251797093DE8}.Release|Any CPU.Build.0 = Release|Any CPU
		{34A0AF68-0B37-4793-840C-6AE1D2E29E65}.Debug|Any CPU.ActiveCfg = Debug|Any CPU
		{34A0AF68-0B37-4793-840C-6AE1D2E29E65}.Debug|Any CPU.Build.0 = Debug|Any CPU
		{34A0AF68-0B37-4793-840C-6AE1D2E29E65}.Release|Any CPU.ActiveCfg = Release|Any CPU
		{34A0AF68-0B37-4793-840C-6AE1D2E29E65}.Release|Any CPU.Build.0 = Release|Any CPU
		{813D0712-11EA-4860-B6E3-B60D9FF51A98}.Debug|Any CPU.ActiveCfg = Debug|Any CPU
		{813D0712-11EA-4860-B6E3-B60D9FF51A98}.Debug|Any CPU.Build.0 = Debug|Any CPU
		{813D0712-11EA-4860-B6E3-B60D9FF51A98}.Release|Any CPU.ActiveCfg = Release|Any CPU
		{813D0712-11EA-4860-B6E3-B60D9FF51A98}.Release|Any CPU.Build.0 = Release|Any CPU
	EndGlobalSection
	GlobalSection(SolutionProperties) = preSolution
		HideSolutionNode = FALSE
	EndGlobalSection
	GlobalSection(ExtensibilityGlobals) = postSolution
		SolutionGuid = {8D65ACDD-1B3B-4C7B-87F8-3EB7DE609095}
	EndGlobalSection
EndGlobal
